{
  "name": "@lapointelabs/context-brief",
  "version": "0.2.1",
  "lockfileVersion": 3,
  "requires": true,
  "packages": {
    "": {
      "name": "@lapointelabs/context-brief",
      "version": "0.2.1",
      "license": "MIT",
      "bin": {
        "ctx": "bin/ctx.js"
      },
      "engines": {
        "node": ">=20.1"
      }
    }
  }
}
